
Microsoft Visual Studio Solution File, Format Version 12.00
# Visual Studio 15
VisualStudioVersion = 15.0.28307.168
MinimumVisualStudioVersion = 10.0.40219.1
Project("{FAE04EC0-301F-11D3-BF4B-00C04F79EFBC}") = "CsharpPractice", "CsharpPractice\CsharpPractice.csproj", "{907C7E4F-AEE9-47A5-B473-418FD9C11437}"
EndProject
Global
	GlobalSection(SolutionConfigurationPlatforms) = preSolution
		Debug|Any CPU = Debug|Any CPU
		Release|Any CPU = Release|Any CPU
	EndGlobalSection
	GlobalSection(ProjectConfigurationPlatforms) = postSolution
		{907C7E4F-AEE9-47A5-B473-418FD9C11437}.Debug|Any CPU.ActiveCfg = Debug|Any CPU
		{907C7E4F-AEE9-47A5-B473-418FD9C11437}.Debug|Any CPU.Build.0 = Debug|Any CPU
		{907C7E4F-AEE9-47A5-B473-418FD9C11437}.Release|Any CPU.ActiveCfg = Release|Any CPU
		{907C7E4F-AEE9-47A5-B473-418FD9C11437}.Release|Any CPU.Build.0 = Release|Any CPU
	EndGlobalSection
	GlobalSection(SolutionProperties) = preSolution
		HideSolutionNode = FALSE
	EndGlobalSection
	GlobalSection(ExtensibilityGlobals) = postSolution
		SolutionGuid = {0CE1E1A7-A21D-46C8-9FF9-F3C7FF224110}
	EndGlobalSection
EndGlobal
